
Microsoft Visual Studio Solution File, Format Version 12.00
Project("{FAE04EC0-301F-11D3-BF4B-00C04F79EFBC}") = "HomeworkLesson17", "HomeworkLesson17.csproj", "{BE22D4E6-1D46-4386-BB6D-4F635D4465BB}"
EndProject
Global
	GlobalSection(SolutionConfigurationPlatforms) = preSolution
		Debug|Any CPU = Debug|Any CPU
		Release|Any CPU = Release|Any CPU
	EndGlobalSection
	GlobalSection(ProjectConfigurationPlatforms) = postSolution
		{BE22D4E6-1D46-4386-BB6D-4F635D4465BB}.Debug|Any CPU.ActiveCfg = Debug|Any CPU
		{BE22D4E6-1D46-4386-BB6D-4F635D4465BB}.Debug|Any CPU.Build.0 = Debug|Any CPU
		{BE22D4E6-1D46-4386-BB6D-4F635D4465BB}.Release|Any CPU.ActiveCfg = Release|Any CPU
		{BE22D4E6-1D46-4386-BB6D-4F635D4465BB}.Release|Any CPU.Build.0 = Release|Any CPU
	EndGlobalSection
EndGlobal
